# THIS IS AN AUTOGENERATED FILE. DO NOT EDIT THIS FILE DIRECTLY.
# yarn lockfile v1


minimist@^1.2.6:
  version "1.2.6"
  resolved "https://registry.npmmirror.com/minimist/-/minimist-1.2.6.tgz#8637a5b759ea0d6e98702cfb3a9283323c93af44"
  integrity sha512-Jsjnk4bw3YJqYzbdyBiNsPWHPfO++UGG749Cxs6peCu5Xg4nrena6OVxOYxrQTqww0Jmwt+Ref8rggumkTLz9Q==

package-release@^1.0.0:
  version "1.0.0"
  resolved "https://registry.npmmirror.com/package-release/-/package-release-1.0.0.tgz#7e15067a601ccac68872525be62856c5228dd21f"
  integrity sha512-yq36/BpUQ9X9OLhpdUcfiJWkBD3O16USP30nVwz7UfWQ5yutDBQAmplUln6MaD9W8O/WRPEmpQKxZ33K3xma6A==
  dependencies:
    minimist "^1.2.6"
